{
  "name": "Mobile",
  "lockfileVersion": 3,
  "requires": true,
  "packages": {
    "": {
      "dependencies": {
        "@react-native-community/slider": "^4.5.3"
      }
    },
    "node_modules/@react-native-community/slider": {
      "version": "4.5.3",
      "resolved": "https://registry.npmjs.org/@react-native-community/slider/-/slider-4.5.3.tgz",
      "integrity": "sha512-0mOdnIL3xPWYGkP7levDH3bBsjdMOiR5mQIzFrSkZznZdIfX9MvGnelNZxsWuibmkc3hczHybo7RRb6mE96H2g=="
    }
  }
}
